
Microsoft Visual Studio Solution File, Format Version 12.00
# Visual Studio Version 16
VisualStudioVersion = 16.0.28917.181
MinimumVisualStudioVersion = 10.0.40219.1
Project("{FAE04EC0-301F-11D3-BF4B-00C04F79EFBC}") = "WindowsApplication1", "WindowsApplication1\WindowsApplication1.csproj", "{7B708BDF-36DD-4B06-8AE4-715BFCE9441F}"
EndProject
Global
	GlobalSection(SolutionConfigurationPlatforms) = preSolution
		Debug|Any CPU = Debug|Any CPU
		Release|Any CPU = Release|Any CPU
	EndGlobalSection
	GlobalSection(ProjectConfigurationPlatforms) = postSolution
		{7B708BDF-36DD-4B06-8AE4-715BFCE9441F}.Debug|Any CPU.ActiveCfg = Debug|Any CPU
		{7B708BDF-36DD-4B06-8AE4-715BFCE9441F}.Debug|Any CPU.Build.0 = Debug|Any CPU
		{7B708BDF-36DD-4B06-8AE4-715BFCE9441F}.Release|Any CPU.ActiveCfg = Release|Any CPU
		{7B708BDF-36DD-4B06-8AE4-715BFCE9441F}.Release|Any CPU.Build.0 = Release|Any CPU
	EndGlobalSection
	GlobalSection(SolutionProperties) = preSolution
		HideSolutionNode = FALSE
	EndGlobalSection
	GlobalSection(ExtensibilityGlobals) = postSolution
		SolutionGuid = {4CCD624C-8E5D-40B0-8E30-1F7436D7951C}
	EndGlobalSection
EndGlobal
